<?xml version="1.0" encoding="utf-8"?>
<Project ToolsVersion="4.0" xmlns="http://schemas.microsoft.com/developer/msbuild/2003">
  <ItemGroup>
    <ClCompile Include="Sourcecode\Battle_E_AT_select.cpp">
      <Filter>Game\Battle</Filter>
    </ClCompile>
    <ClCompile Include="Sourcecode\Battle_Fight.cpp">
      <Filter>Game\Battle</Filter>
    </ClCompile>
    <ClCompile Include="Sourcecode\Battle_H_AT_select.cpp">
      <Filter>Game\Battle</Filter>
    </ClCompile>
    <ClCompile Include="Sourcecode\Battle_Menu_main.cpp">
      <Filter>Game\Battle</Filter>
    </ClCompile>
    <ClCompile Include="Sourcecode\Battle_Menucreate.cpp">
      <Filter>Game\Battle</Filter>
    </ClCompile>
    <ClCompile Include="Sourcecode\Enemy_Enemycreate.cpp">
      <Filter>Game\Enemy</Filter>
    </ClCompile>
    <ClCompile Include="Sourcecode\Enemy_Enemydraw.cpp">
      <Filter>Game\Enemy</Filter>
    </ClCompile>
    <ClCompile Include="Sourcecode\EnemyBoss_Magiccreate.cpp">
      <Filter>Game\Enemy</Filter>
    </ClCompile>
    <ClCompile Include="Sourcecode\EnemySide_Magiccreate.cpp">
      <Filter>Game\Enemy</Filter>
    </ClCompile>
    <ClCompile Include="Sourcecode\Ending_StaffRoll.cpp">
      <Filter>Game\Ending</Filter>
    </ClCompile>
    <ClCompile Include="Sourcecode\Hero_Statecreate.cpp">
      <Filter>Game\Hero</Filter>
    </ClCompile>
    <ClCompile Include="Sourcecode\Hero_Statedraw.cpp">
      <Filter>Game\Hero</Filter>
    </ClCompile>
    <ClCompile Include="Sourcecode\InstanceCreate＿BattleCreate.cpp">
      <Filter>Game\InstanceCreate</Filter>
    </ClCompile>
    <ClCompile Include="Sourcecode\Map_Mapcreate.cpp">
      <Filter>Game\Map</Filter>
    </ClCompile>
    <ClCompile Include="Sourcecode\Map_Mapdraw.cpp">
      <Filter>Game\Map</Filter>
    </ClCompile>
    <ClCompile Include="Sourcecode\Map_Mapfilter.cpp">
      <Filter>Game\Map</Filter>
    </ClCompile>
    <ClCompile Include="Sourcecode\Map_Move.cpp">
      <Filter>Game\Map</Filter>
    </ClCompile>
    <ClCompile Include="Sourcecode\MovieSoundManager_ObjCreate.cpp">
      <Filter>Game\MovieSoundManager</Filter>
    </ClCompile>
    <ClCompile Include="Sourcecode\Parameter_ GetAttack.cpp">
      <Filter>Game\Parameter</Filter>
    </ClCompile>
    <ClCompile Include="Sourcecode\Position_CamAdvance.cpp">
      <Filter>Game\Position</Filter>
    </ClCompile>
    <ClCompile Include="Sourcecode\StateMenu_Menucreate.cpp">
      <Filter>Game\StateMenu</Filter>
    </ClCompile>
    <ClCompile Include="Sourcecode\StateMenu_Menudraw.cpp">
      <Filter>Game\StateMenu</Filter>
    </ClCompile>
    <ClCompile Include="Sourcecode\TextureBinaryLoader.cpp">
      <Filter>Game\TextureBinaryLoad</Filter>
    </ClCompile>
    <ClCompile Include="Sourcecode\Main_Init.cpp">
      <Filter>Game\Main</Filter>
    </ClCompile>
    <ClCompile Include="Sourcecode\Decode.cpp">
      <Filter>Game\Decode</Filter>
    </ClCompile>
    <ClCompile Include="..\Common\DirectShowWrapper\Camera.cpp">
      <Filter>Library\Common\DirectShowWrapper</Filter>
    </ClCompile>
    <ClCompile Include="..\Common\DirectShowWrapper\DsProcess_DsProcess.cpp">
      <Filter>Library\Common\DirectShowWrapper</Filter>
    </ClCompile>
    <ClCompile Include="..\Common\DirectShowWrapper\Movie_GetFrame.cpp">
      <Filter>Library\Common\DirectShowWrapper</Filter>
    </ClCompile>
    <ClCompile Include="..\Common\DirectShowWrapper\Sound__sound.cpp">
      <Filter>Library\Common\DirectShowWrapper</Filter>
    </ClCompile>
    <ClCompile Include="..\Common\SearchFile\SearchFile.cpp">
      <Filter>Library\Common\SearchFile</Filter>
    </ClCompile>
    <ClCompile Include="..\Common\Window\Control_Direction.cpp">
      <Filter>Library\Common\Window</Filter>
    </ClCompile>
    <ClCompile Include="..\Common\Window\Win.cpp">
      <Filter>Library\Common\Window</Filter>
    </ClCompile>
    <ClCompile Include="..\FbxLoader\FbxLoader.cpp">
      <Filter>Library\FbxLoader</Filter>
    </ClCompile>
    <ClCompile Include="..\FbxLoader\FbxMeshNode.cpp">
      <Filter>Library\FbxLoader</Filter>
    </ClCompile>
    <ClCompile Include="..\DecompressDeflate\DecompressDeflate.cpp">
      <Filter>Library\DecompressDeflate</Filter>
    </ClCompile>
    <ClCompile Include="..\JPGLoader\JPGLoader.cpp">
      <Filter>Library\JPGLoader</Filter>
    </ClCompile>
    <ClCompile Include="..\PNGLoader\PNGLoader.cpp">
      <Filter>Library\PNGLoader</Filter>
    </ClCompile>
    <ClCompile Include="..\Common\TextureLoader\MicroSoftLibrary\WICTextureLoader12.cpp">
      <Filter>Library\Common\TextureLoader\MicroSoftLibrary</Filter>
    </ClCompile>
    <ClCompile Include="..\Common\TextureLoader\TextureLoader.cpp">
      <Filter>Library\Common\TextureLoader</Filter>
    </ClCompile>
    <ClCompile Include="..\Common\DirectInputWrapper\DxInput.cpp">
      <Filter>Library\Common\DirectInputWrapper</Filter>
    </ClCompile>
    <ClCompile Include="..\CoordTf\CoordTf.cpp">
      <Filter>Library\CoordTf</Filter>
    </ClCompile>
    <ClCompile Include="..\Common\Direct3DWrapper\DX_3DCG\Dx_MeshData.cpp">
      <Filter>Library\Common\Direct3DWrapper\DX_3DCG</Filter>
    </ClCompile>
    <ClCompile Include="..\Common\Direct3DWrapper\DX_3DCG\Dx_SkinMesh.cpp">
      <Filter>Library\Common\Direct3DWrapper\DX_3DCG</Filter>
    </ClCompile>
    <ClCompile Include="..\Common\Direct3DWrapper\DX_3DCG\DxSkinnedCom.cpp">
      <Filter>Library\Common\Direct3DWrapper\DX_3DCG</Filter>
    </ClCompile>
    <ClCompile Include="Sourcecode\3DRPG_Main.cpp">
      <Filter>Game</Filter>
    </ClCompile>
    <ClCompile Include="..\Common\Direct3DWrapper\DX_3DCG\Dx_PolygonData.cpp">
      <Filter>Library\Common\Direct3DWrapper\DX_3DCG</Filter>
    </ClCompile>
    <ClCompile Include="..\CreateGeometry\CreateGeometry.cpp">
      <Filter>Library\CreateGeometry</Filter>
    </ClCompile>
    <ClCompile Include="..\MultiThread\MultiThread.cpp">
      <Filter>Library\MultiThread</Filter>
    </ClCompile>
    <ClCompile Include="..\Common\Direct3DWrapperOption\Dx_ParticleData.cpp">
      <Filter>Library\Common\Direct3DWrapperOption</Filter>
    </ClCompile>
    <ClCompile Include="..\Common\Direct3DWrapperOption\Dx_PostEffect.cpp">
      <Filter>Library\Common\Direct3DWrapperOption</Filter>
    </ClCompile>
    <ClCompile Include="..\Common\Direct3DWrapperOption\Dx_Wave.cpp">
      <Filter>Library\Common\Direct3DWrapperOption</Filter>
    </ClCompile>
    <ClCompile Include="..\Common\Direct3DWrapperOption\DxText.cpp">
      <Filter>Library\Common\Direct3DWrapperOption</Filter>
    </ClCompile>
    <ClCompile Include="..\Common\Direct3DWrapper\DX_3DCG\Core\Dx_BasicPolygon.cpp">
      <Filter>Library\Common\Direct3DWrapper\DX_3DCG\Core</Filter>
    </ClCompile>
    <ClCompile Include="..\Common\Direct3DWrapper\DX_3DCG\Core\Dx_CommandListObj.cpp">
      <Filter>Library\Common\Direct3DWrapper\DX_3DCG\Core</Filter>
    </ClCompile>
    <ClCompile Include="..\Common\Direct3DWrapper\DX_3DCG\Core\Dx_CommandManager.cpp">
      <Filter>Library\Common\Direct3DWrapper\DX_3DCG\Core</Filter>
    </ClCompile>
    <ClCompile Include="..\Common\Direct3DWrapper\DX_3DCG\Core\Dx_Common.cpp">
      <Filter>Library\Common\Direct3DWrapper\DX_3DCG\Core</Filter>
    </ClCompile>
    <ClCompile Include="..\Common\Direct3DWrapper\DX_3DCG\Core\Dx_Device.cpp">
      <Filter>Library\Common\Direct3DWrapper\DX_3DCG\Core</Filter>
    </ClCompile>
    <ClCompile Include="..\Common\Direct3DWrapper\DX_3DCG\Core\Dx_Light.cpp">
      <Filter>Library\Common\Direct3DWrapper\DX_3DCG\Core</Filter>
    </ClCompile>
    <ClCompile Include="..\Common\Direct3DWrapper\DX_3DCG\Core\Dx_PolygonData2D.cpp">
      <Filter>Library\Common\Direct3DWrapper\DX_3DCG\Core</Filter>
    </ClCompile>
    <ClCompile Include="..\Common\Direct3DWrapper\DX_3DCG\Core\Dx_Resource.cpp">
      <Filter>Library\Common\Direct3DWrapper\DX_3DCG\Core</Filter>
    </ClCompile>
    <ClCompile Include="..\Common\Direct3DWrapper\DX_3DCG\Core\Dx_ShaderHolder.cpp">
      <Filter>Library\Common\Direct3DWrapper\DX_3DCG\Core</Filter>
    </ClCompile>
    <ClCompile Include="..\Common\Direct3DWrapper\DX_3DCG\Core\Dx_SwapChain.cpp">
      <Filter>Library\Common\Direct3DWrapper\DX_3DCG\Core</Filter>
    </ClCompile>
    <ClCompile Include="..\Common\Direct3DWrapper\DX_3DCG\Core\Dx_TextureHolder.cpp">
      <Filter>Library\Common\Direct3DWrapper\DX_3DCG\Core</Filter>
    </ClCompile>
    <ClCompile Include="..\Common\Direct3DWrapper\DX_3DCG\Core\Dx_Util.cpp">
      <Filter>Library\Common\Direct3DWrapper\DX_3DCG\Core</Filter>
    </ClCompile>
    <ClCompile Include="..\Common\Direct3DWrapper\DX_3DCG\Core\DxCommandQueue.cpp">
      <Filter>Library\Common\Direct3DWrapper\DX_3DCG\Core</Filter>
    </ClCompile>
    <ClCompile Include="..\Common\Direct3DWrapper\DX_3DCG\Core\ParameterDXR.cpp">
      <Filter>Library\Common\Direct3DWrapper\DX_3DCG\Core</Filter>
    </ClCompile>
    <ClCompile Include="..\Common\Direct3DWrapper\DX_3DCG\DXR\DxrRenderer.cpp">
      <Filter>Library\Common\Direct3DWrapper\DX_3DCG\DXR</Filter>
    </ClCompile>
    <ClCompile Include="..\T_float\T_float.cpp">
      <Filter>Library\T_float</Filter>
    </ClCompile>
  </ItemGroup>
  <ItemGroup>
    <ClInclude Include="Sourcecode\Battle.h">
      <Filter>Game\Battle</Filter>
    </ClInclude>
    <ClInclude Include="Sourcecode\Enemy.h">
      <Filter>Game\Enemy</Filter>
    </ClInclude>
    <ClInclude Include="Sourcecode\EnemyBoss.h">
      <Filter>Game\Enemy</Filter>
    </ClInclude>
    <ClInclude Include="Sourcecode\EnemySide.h">
      <Filter>Game\Enemy</Filter>
    </ClInclude>
    <ClInclude Include="Sourcecode\Ending.h">
      <Filter>Game\Ending</Filter>
    </ClInclude>
    <ClInclude Include="Sourcecode\Hero.h">
      <Filter>Game\Hero</Filter>
    </ClInclude>
    <ClInclude Include="Sourcecode\InstanceCreate.h">
      <Filter>Game\InstanceCreate</Filter>
    </ClInclude>
    <ClInclude Include="Sourcecode\Map.h">
      <Filter>Game\Map</Filter>
    </ClInclude>
    <ClInclude Include="Sourcecode\MovieSoundManager.h">
      <Filter>Game\MovieSoundManager</Filter>
    </ClInclude>
    <ClInclude Include="Sourcecode\Parameter.h">
      <Filter>Game\Parameter</Filter>
    </ClInclude>
    <ClInclude Include="Sourcecode\Position.h">
      <Filter>Game\Position</Filter>
    </ClInclude>
    <ClInclude Include="Sourcecode\StateMenu.h">
      <Filter>Game\StateMenu</Filter>
    </ClInclude>
    <ClInclude Include="Sourcecode\TextureBinaryLoader.h">
      <Filter>Game\TextureBinaryLoad</Filter>
    </ClInclude>
    <ClInclude Include="Sourcecode\Main.h">
      <Filter>Game\Main</Filter>
    </ClInclude>
    <ClInclude Include="Sourcecode\Enum.h">
      <Filter>Game\Enum</Filter>
    </ClInclude>
    <ClInclude Include="Sourcecode\Decode.h">
      <Filter>Game\Decode</Filter>
    </ClInclude>
    <ClInclude Include="..\Common\Direct3DWrapper\Dx12Process.h">
      <Filter>Library\Common\Direct3DWrapper</Filter>
    </ClInclude>
    <ClInclude Include="..\Common\Direct3DWrapper\MicroSoftLibrary\d3dx12.h">
      <Filter>Library\Common\Direct3DWrapper\MicroSoftLibrary</Filter>
    </ClInclude>
    <ClInclude Include="..\Common\DirectShowWrapper\Camera.h">
      <Filter>Library\Common\DirectShowWrapper</Filter>
    </ClInclude>
    <ClInclude Include="..\Common\DirectShowWrapper\DsProcess.h">
      <Filter>Library\Common\DirectShowWrapper</Filter>
    </ClInclude>
    <ClInclude Include="..\Common\DirectShowWrapper\Movie.h">
      <Filter>Library\Common\DirectShowWrapper</Filter>
    </ClInclude>
    <ClInclude Include="..\Common\DirectShowWrapper\Sound_.h">
      <Filter>Library\Common\DirectShowWrapper</Filter>
    </ClInclude>
    <ClInclude Include="..\Common\SearchFile\SearchFile.h">
      <Filter>Library\Common\SearchFile</Filter>
    </ClInclude>
    <ClInclude Include="..\Common\Window\Control.h">
      <Filter>Library\Common\Window</Filter>
    </ClInclude>
    <ClInclude Include="..\Common\Window\Win.h">
      <Filter>Library\Common\Window</Filter>
    </ClInclude>
    <ClInclude Include="..\FbxLoader\FbxLoader.h">
      <Filter>Library\FbxLoader</Filter>
    </ClInclude>
    <ClInclude Include="..\FbxLoader\FbxMeshNode.h">
      <Filter>Library\FbxLoader</Filter>
    </ClInclude>
    <ClInclude Include="..\DecompressDeflate\DecompressDeflate.h">
      <Filter>Library\DecompressDeflate</Filter>
    </ClInclude>
    <ClInclude Include="..\JPGLoader\JPGLoader.h">
      <Filter>Library\JPGLoader</Filter>
    </ClInclude>
    <ClInclude Include="..\PNGLoader\PNGLoader.h">
      <Filter>Library\PNGLoader</Filter>
    </ClInclude>
    <ClInclude Include="..\Common\TextureLoader\MicroSoftLibrary\d3dx12.h">
      <Filter>Library\Common\TextureLoader\MicroSoftLibrary</Filter>
    </ClInclude>
    <ClInclude Include="..\Common\TextureLoader\MicroSoftLibrary\WICTextureLoader12.h">
      <Filter>Library\Common\TextureLoader\MicroSoftLibrary</Filter>
    </ClInclude>
    <ClInclude Include="..\Common\TextureLoader\TextureLoader.h">
      <Filter>Library\Common\TextureLoader</Filter>
    </ClInclude>
    <ClInclude Include="..\Common\DirectInputWrapper\DxInput.h">
      <Filter>Library\Common\DirectInputWrapper</Filter>
    </ClInclude>
    <ClInclude Include="..\CoordTf\CoordTf.h">
      <Filter>Library\CoordTf</Filter>
    </ClInclude>
    <ClInclude Include="..\Common\Direct3DWrapper\DX_3DCG\Dx_MeshData.h">
      <Filter>Library\Common\Direct3DWrapper\DX_3DCG</Filter>
    </ClInclude>
    <ClInclude Include="..\Common\Direct3DWrapper\DX_3DCG\Dx_SkinMesh.h">
      <Filter>Library\Common\Direct3DWrapper\DX_3DCG</Filter>
    </ClInclude>
    <ClInclude Include="..\Common\Direct3DWrapper\DX_3DCG\DxSkinnedCom.h">
      <Filter>Library\Common\Direct3DWrapper\DX_3DCG</Filter>
    </ClInclude>
    <ClInclude Include="..\Common\Direct3DWrapper\DX_3DCG\Dx_PolygonData.h">
      <Filter>Library\Common\Direct3DWrapper\DX_3DCG</Filter>
    </ClInclude>
    <ClInclude Include="..\CreateGeometry\CreateGeometry.h">
      <Filter>Library\CreateGeometry</Filter>
    </ClInclude>
    <ClInclude Include="..\MultiThread\MultiThread.h">
      <Filter>Library\MultiThread</Filter>
    </ClInclude>
    <ClInclude Include="..\Common\Direct3DWrapper\DX_3DCG\Core\ShaderCG\Shader2D.h">
      <Filter>Library\Common\Direct3DWrapper\DX_3DCG\Core\ShaderCG</Filter>
    </ClInclude>
    <ClInclude Include="..\Common\Direct3DWrapper\DX_3DCG\Core\ShaderCG\Shader3D.h">
      <Filter>Library\Common\Direct3DWrapper\DX_3DCG\Core\ShaderCG</Filter>
    </ClInclude>
    <ClInclude Include="..\Common\Direct3DWrapper\DX_3DCG\Core\ShaderCG\ShaderCalculateLighting.h">
      <Filter>Library\Common\Direct3DWrapper\DX_3DCG\Core\ShaderCG</Filter>
    </ClInclude>
    <ClInclude Include="..\Common\Direct3DWrapper\DX_3DCG\Core\ShaderCG\ShaderCommonParameters.h">
      <Filter>Library\Common\Direct3DWrapper\DX_3DCG\Core\ShaderCG</Filter>
    </ClInclude>
    <ClInclude Include="..\Common\Direct3DWrapper\DX_3DCG\Core\ShaderCG\ShaderCommonPS.h">
      <Filter>Library\Common\Direct3DWrapper\DX_3DCG\Core\ShaderCG</Filter>
    </ClInclude>
    <ClInclude Include="..\Common\Direct3DWrapper\DX_3DCG\Core\ShaderCG\ShaderCommonTriangleGS.h">
      <Filter>Library\Common\Direct3DWrapper\DX_3DCG\Core\ShaderCG</Filter>
    </ClInclude>
    <ClInclude Include="..\Common\Direct3DWrapper\DX_3DCG\Core\ShaderCG\ShaderCommonTriangleHSDS.h">
      <Filter>Library\Common\Direct3DWrapper\DX_3DCG\Core\ShaderCG</Filter>
    </ClInclude>
    <ClInclude Include="..\Common\Direct3DWrapper\DX_3DCG\Core\ShaderCG\ShaderGsOutput.h">
      <Filter>Library\Common\Direct3DWrapper\DX_3DCG\Core\ShaderCG</Filter>
    </ClInclude>
    <ClInclude Include="..\Common\Direct3DWrapper\DX_3DCG\Core\ShaderCG\ShaderMesh.h">
      <Filter>Library\Common\Direct3DWrapper\DX_3DCG\Core\ShaderCG</Filter>
    </ClInclude>
    <ClInclude Include="..\Common\Direct3DWrapper\DX_3DCG\Core\ShaderCG\ShaderMesh_D.h">
      <Filter>Library\Common\Direct3DWrapper\DX_3DCG\Core\ShaderCG</Filter>
    </ClInclude>
    <ClInclude Include="..\Common\Direct3DWrapper\DX_3DCG\Core\ShaderCG\ShaderNormalTangent.h">
      <Filter>Library\Common\Direct3DWrapper\DX_3DCG\Core\ShaderCG</Filter>
    </ClInclude>
    <ClInclude Include="..\Common\Direct3DWrapper\DX_3DCG\Core\ShaderCG\ShaderSkinMesh.h">
      <Filter>Library\Common\Direct3DWrapper\DX_3DCG\Core\ShaderCG</Filter>
    </ClInclude>
    <ClInclude Include="..\Common\Direct3DWrapper\DX_3DCG\Core\ShaderCG\ShaderSkinMesh_D.h">
      <Filter>Library\Common\Direct3DWrapper\DX_3DCG\Core\ShaderCG</Filter>
    </ClInclude>
    <ClInclude Include="..\Common\Direct3DWrapper\DX_3DCG\Core\ShaderCG\ShaderSkinMeshCom.h">
      <Filter>Library\Common\Direct3DWrapper\DX_3DCG\Core\ShaderCG</Filter>
    </ClInclude>
    <ClInclude Include="..\Common\Direct3DWrapperOption\Shader\ShaderParticle.h">
      <Filter>Library\Common\Direct3DWrapperOption\Shader</Filter>
    </ClInclude>
    <ClInclude Include="..\Common\Direct3DWrapperOption\Shader\ShaderPostEffect.h">
      <Filter>Library\Common\Direct3DWrapperOption\Shader</Filter>
    </ClInclude>
    <ClInclude Include="..\Common\Direct3DWrapperOption\Shader\ShaderWaveCom.h">
      <Filter>Library\Common\Direct3DWrapperOption\Shader</Filter>
    </ClInclude>
    <ClInclude Include="..\Common\Direct3DWrapperOption\Shader\ShaderWaveDraw.h">
      <Filter>Library\Common\Direct3DWrapperOption\Shader</Filter>
    </ClInclude>
    <ClInclude Include="..\Common\Direct3DWrapperOption\Dx_ParticleData.h">
      <Filter>Library\Common\Direct3DWrapperOption</Filter>
    </ClInclude>
    <ClInclude Include="..\Common\Direct3DWrapperOption\Dx_PostEffect.h">
      <Filter>Library\Common\Direct3DWrapperOption</Filter>
    </ClInclude>
    <ClInclude Include="..\Common\Direct3DWrapperOption\Dx_Wave.h">
      <Filter>Library\Common\Direct3DWrapperOption</Filter>
    </ClInclude>
    <ClInclude Include="..\Common\Direct3DWrapperOption\DxText.h">
      <Filter>Library\Common\Direct3DWrapperOption</Filter>
    </ClInclude>
    <ClInclude Include="..\Common\Direct3DWrapper\DX_3DCG\Core\Dx_BasicPolygon.h">
      <Filter>Library\Common\Direct3DWrapper\DX_3DCG\Core</Filter>
    </ClInclude>
    <ClInclude Include="..\Common\Direct3DWrapper\DX_3DCG\Core\Dx_CommandListObj.h">
      <Filter>Library\Common\Direct3DWrapper\DX_3DCG\Core</Filter>
    </ClInclude>
    <ClInclude Include="..\Common\Direct3DWrapper\DX_3DCG\Core\Dx_CommandManager.h">
      <Filter>Library\Common\Direct3DWrapper\DX_3DCG\Core</Filter>
    </ClInclude>
    <ClInclude Include="..\Common\Direct3DWrapper\DX_3DCG\Core\Dx_Common.h">
      <Filter>Library\Common\Direct3DWrapper\DX_3DCG\Core</Filter>
    </ClInclude>
    <ClInclude Include="..\Common\Direct3DWrapper\DX_3DCG\Core\Dx_Device.h">
      <Filter>Library\Common\Direct3DWrapper\DX_3DCG\Core</Filter>
    </ClInclude>
    <ClInclude Include="..\Common\Direct3DWrapper\DX_3DCG\Core\Dx_Light.h">
      <Filter>Library\Common\Direct3DWrapper\DX_3DCG\Core</Filter>
    </ClInclude>
    <ClInclude Include="..\Common\Direct3DWrapper\DX_3DCG\Core\Dx_PolygonData2D.h">
      <Filter>Library\Common\Direct3DWrapper\DX_3DCG\Core</Filter>
    </ClInclude>
    <ClInclude Include="..\Common\Direct3DWrapper\DX_3DCG\Core\Dx_Resource.h">
      <Filter>Library\Common\Direct3DWrapper\DX_3DCG\Core</Filter>
    </ClInclude>
    <ClInclude Include="..\Common\Direct3DWrapper\DX_3DCG\Core\Dx_ShaderHolder.h">
      <Filter>Library\Common\Direct3DWrapper\DX_3DCG\Core</Filter>
    </ClInclude>
    <ClInclude Include="..\Common\Direct3DWrapper\DX_3DCG\Core\Dx_SwapChain.h">
      <Filter>Library\Common\Direct3DWrapper\DX_3DCG\Core</Filter>
    </ClInclude>
    <ClInclude Include="..\Common\Direct3DWrapper\DX_3DCG\Core\Dx_TextureHolder.h">
      <Filter>Library\Common\Direct3DWrapper\DX_3DCG\Core</Filter>
    </ClInclude>
    <ClInclude Include="..\Common\Direct3DWrapper\DX_3DCG\Core\Dx_Util.h">
      <Filter>Library\Common\Direct3DWrapper\DX_3DCG\Core</Filter>
    </ClInclude>
    <ClInclude Include="..\Common\Direct3DWrapper\DX_3DCG\Core\DxCommandQueue.h">
      <Filter>Library\Common\Direct3DWrapper\DX_3DCG\Core</Filter>
    </ClInclude>
    <ClInclude Include="..\Common\Direct3DWrapper\DX_3DCG\Core\DxEnum.h">
      <Filter>Library\Common\Direct3DWrapper\DX_3DCG\Core</Filter>
    </ClInclude>
    <ClInclude Include="..\Common\Direct3DWrapper\DX_3DCG\Core\DxStruct.h">
      <Filter>Library\Common\Direct3DWrapper\DX_3DCG\Core</Filter>
    </ClInclude>
    <ClInclude Include="..\Common\Direct3DWrapper\DX_3DCG\Core\ParameterDXR.h">
      <Filter>Library\Common\Direct3DWrapper\DX_3DCG\Core</Filter>
    </ClInclude>
    <ClInclude Include="..\Common\Direct3DWrapper\DX_3DCG\DXR\ShaderDXR\ShaderBasicAnyHit.h">
      <Filter>Library\Common\Direct3DWrapper\DX_3DCG\DXR\ShaderDXR</Filter>
    </ClInclude>
    <ClInclude Include="..\Common\Direct3DWrapper\DX_3DCG\DXR\ShaderDXR\ShaderBasicHit.h">
      <Filter>Library\Common\Direct3DWrapper\DX_3DCG\DXR\ShaderDXR</Filter>
    </ClInclude>
    <ClInclude Include="..\Common\Direct3DWrapper\DX_3DCG\DXR\ShaderDXR\ShaderBasicMiss.h">
      <Filter>Library\Common\Direct3DWrapper\DX_3DCG\DXR\ShaderDXR</Filter>
    </ClInclude>
    <ClInclude Include="..\Common\Direct3DWrapper\DX_3DCG\DXR\ShaderDXR\ShaderCommon.h">
      <Filter>Library\Common\Direct3DWrapper\DX_3DCG\DXR\ShaderDXR</Filter>
    </ClInclude>
    <ClInclude Include="..\Common\Direct3DWrapper\DX_3DCG\DXR\ShaderDXR\ShaderEmissiveHit.h">
      <Filter>Library\Common\Direct3DWrapper\DX_3DCG\DXR\ShaderDXR</Filter>
    </ClInclude>
    <ClInclude Include="..\Common\Direct3DWrapper\DX_3DCG\DXR\ShaderDXR\ShaderEmissiveMiss.h">
      <Filter>Library\Common\Direct3DWrapper\DX_3DCG\DXR\ShaderDXR</Filter>
    </ClInclude>
    <ClInclude Include="..\Common\Direct3DWrapper\DX_3DCG\DXR\ShaderDXR\ShaderGlobalParameters.h">
      <Filter>Library\Common\Direct3DWrapper\DX_3DCG\DXR\ShaderDXR</Filter>
    </ClInclude>
    <ClInclude Include="..\Common\Direct3DWrapper\DX_3DCG\DXR\ShaderDXR\ShaderLocalParameters.h">
      <Filter>Library\Common\Direct3DWrapper\DX_3DCG\DXR\ShaderDXR</Filter>
    </ClInclude>
    <ClInclude Include="..\Common\Direct3DWrapper\DX_3DCG\DXR\ShaderDXR\ShaderRayGen.h">
      <Filter>Library\Common\Direct3DWrapper\DX_3DCG\DXR\ShaderDXR</Filter>
    </ClInclude>
    <ClInclude Include="..\Common\Direct3DWrapper\DX_3DCG\DXR\ShaderDXR\ShaderTraceRay.h">
      <Filter>Library\Common\Direct3DWrapper\DX_3DCG\DXR\ShaderDXR</Filter>
    </ClInclude>
    <ClInclude Include="..\Common\Direct3DWrapper\DX_3DCG\DXR\DxrRenderer.h">
      <Filter>Library\Common\Direct3DWrapper\DX_3DCG\DXR</Filter>
    </ClInclude>
    <ClInclude Include="..\T_float\T_float.h">
      <Filter>Library\T_float</Filter>
    </ClInclude>
  </ItemGroup>
  <ItemGroup>
    <Filter Include="Game">
      <UniqueIdentifier>{0aa04d7c-54c2-457b-b395-025250da20d1}</UniqueIdentifier>
    </Filter>
    <Filter Include="Game\Battle">
      <UniqueIdentifier>{0e0ec8a7-f676-4e74-a970-faac0ce16dc2}</UniqueIdentifier>
    </Filter>
    <Filter Include="Game\Decode">
      <UniqueIdentifier>{6eca04b0-2b0b-4991-a436-101e7911b667}</UniqueIdentifier>
    </Filter>
    <Filter Include="Game\Ending">
      <UniqueIdentifier>{a6d5cbbb-a382-42c7-8d9e-87921509085a}</UniqueIdentifier>
    </Filter>
    <Filter Include="Game\Enemy">
      <UniqueIdentifier>{0b502898-96a6-4824-b483-e229a37349bb}</UniqueIdentifier>
    </Filter>
    <Filter Include="Game\Enum">
      <UniqueIdentifier>{f11947bb-abc1-49a9-b7f0-dee7da029a7b}</UniqueIdentifier>
    </Filter>
    <Filter Include="Game\Hero">
      <UniqueIdentifier>{f33e303b-e6bc-43c8-a94e-6efc09f6b123}</UniqueIdentifier>
    </Filter>
    <Filter Include="Game\Main">
      <UniqueIdentifier>{93f2e9d2-43b9-4fd6-9d96-e9e2eae48205}</UniqueIdentifier>
    </Filter>
    <Filter Include="Game\Map">
      <UniqueIdentifier>{5b7c8c85-faa1-43f0-8e9c-e3e47464462f}</UniqueIdentifier>
    </Filter>
    <Filter Include="Game\MovieSoundManager">
      <UniqueIdentifier>{f1b0d920-cfbc-41f8-8d75-be71e97f900f}</UniqueIdentifier>
    </Filter>
    <Filter Include="Game\Parameter">
      <UniqueIdentifier>{b0372088-c541-46d7-82b9-dd5b61bceade}</UniqueIdentifier>
    </Filter>
    <Filter Include="Game\Position">
      <UniqueIdentifier>{553d1500-1771-4411-9340-4a8ffdcc52fa}</UniqueIdentifier>
    </Filter>
    <Filter Include="Game\StateMenu">
      <UniqueIdentifier>{928c4720-3d18-4358-b405-4a357cc4ce3f}</UniqueIdentifier>
    </Filter>
    <Filter Include="Game\TextureBinaryLoad">
      <UniqueIdentifier>{bcd795c6-7de7-4d23-b932-cb4a5d2d9935}</UniqueIdentifier>
    </Filter>
    <Filter Include="Game\InstanceCreate">
      <UniqueIdentifier>{fc492dc0-fbe0-4884-a0b3-79228dfc0ec3}</UniqueIdentifier>
    </Filter>
    <Filter Include="Library">
      <UniqueIdentifier>{223c9bef-87dc-4750-990c-2bcd2c560403}</UniqueIdentifier>
    </Filter>
    <Filter Include="Library\T_float">
      <UniqueIdentifier>{65406b10-085c-44c3-bfe5-af3b240d7aa7}</UniqueIdentifier>
    </Filter>
    <Filter Include="Library\PNGLoader">
      <UniqueIdentifier>{51c4d31b-4b97-480f-8c60-2d87fab6ddd3}</UniqueIdentifier>
    </Filter>
    <Filter Include="Library\MultiThread">
      <UniqueIdentifier>{ce5edb9e-e864-460d-acd9-52168300e0cb}</UniqueIdentifier>
    </Filter>
    <Filter Include="Library\Common">
      <UniqueIdentifier>{467ae2e4-1447-4c53-b79f-ffaf28a6e79c}</UniqueIdentifier>
    </Filter>
    <Filter Include="Library\Common\Window">
      <UniqueIdentifier>{fef2b75e-7fc0-449c-a83f-218c8c7d6c37}</UniqueIdentifier>
    </Filter>
    <Filter Include="Library\Common\SearchFile">
      <UniqueIdentifier>{2ee5dc3a-2fa6-4218-9222-9ffcd4fd505b}</UniqueIdentifier>
    </Filter>
    <Filter Include="Library\Common\Direct3DWrapper">
      <UniqueIdentifier>{5b85d52f-6aaf-40ca-9383-887e52af6b2f}</UniqueIdentifier>
    </Filter>
    <Filter Include="Library\Common\Direct3DWrapper\DX_3DCG">
      <UniqueIdentifier>{50cb6d73-6993-4c6d-9307-18982e9c3a08}</UniqueIdentifier>
    </Filter>
    <Filter Include="Library\Common\Direct3DWrapper\DX_3DCG\Core">
      <UniqueIdentifier>{731c5d2d-fc02-4c41-8952-369e7cd55b20}</UniqueIdentifier>
    </Filter>
    <Filter Include="Library\Common\Direct3DWrapper\DX_3DCG\Core\ShaderCG">
      <UniqueIdentifier>{25647de0-5592-42e0-afeb-0b7e58c77ccd}</UniqueIdentifier>
    </Filter>
    <Filter Include="Library\Common\Direct3DWrapper\DX_3DCG\DXR">
      <UniqueIdentifier>{5bb25a7b-1958-4172-9798-a78dd69e66a1}</UniqueIdentifier>
    </Filter>
    <Filter Include="Library\Common\Direct3DWrapper\DX_3DCG\DXR\ShaderDXR">
      <UniqueIdentifier>{1a26fc44-2be9-48b4-8797-360f2f00321c}</UniqueIdentifier>
    </Filter>
    <Filter Include="Library\Common\Direct3DWrapper\MicroSoftLibrary">
      <UniqueIdentifier>{2212d64d-2539-4931-958d-87935b9e7f1c}</UniqueIdentifier>
    </Filter>
    <Filter Include="Library\Common\DirectShowWrapper">
      <UniqueIdentifier>{0b2f0b03-9f60-4cf4-bfb2-62610f6099ee}</UniqueIdentifier>
    </Filter>
    <Filter Include="Library\Common\TextureLoader">
      <UniqueIdentifier>{e1e8e18a-78c4-4581-8531-1cb971fbb5cb}</UniqueIdentifier>
    </Filter>
    <Filter Include="Library\Common\TextureLoader\MicroSoftLibrary">
      <UniqueIdentifier>{086f6f3a-998e-48ed-80e0-994d10db7608}</UniqueIdentifier>
    </Filter>
    <Filter Include="Library\Common\DirectInputWrapper">
      <UniqueIdentifier>{2a34edcf-a7c3-4f26-9222-6fb130233b1d}</UniqueIdentifier>
    </Filter>
    <Filter Include="Library\Common\Direct3DWrapperOption">
      <UniqueIdentifier>{54767f1a-a407-4744-9f9f-cecb55482713}</UniqueIdentifier>
    </Filter>
    <Filter Include="Library\Common\Direct3DWrapperOption\Shader">
      <UniqueIdentifier>{ed96afe6-e574-43b4-bfc8-fc47009df0c4}</UniqueIdentifier>
    </Filter>
    <Filter Include="Library\JPGLoader">
      <UniqueIdentifier>{77558c58-b8f2-4185-84ce-881c90cf200c}</UniqueIdentifier>
    </Filter>
    <Filter Include="Library\FbxLoader">
      <UniqueIdentifier>{408a7a0b-5cf5-46fe-9c74-0ce3364edcb9}</UniqueIdentifier>
    </Filter>
    <Filter Include="Library\DecompressDeflate">
      <UniqueIdentifier>{4191264b-9580-488d-a7cc-df54982a5677}</UniqueIdentifier>
    </Filter>
    <Filter Include="Library\CreateGeometry">
      <UniqueIdentifier>{e92a4f41-1b23-4414-a636-0dfa7e7c9e91}</UniqueIdentifier>
    </Filter>
    <Filter Include="Library\CoordTf">
      <UniqueIdentifier>{4f1995ae-f1c6-4f44-9098-bb769f50e526}</UniqueIdentifier>
    </Filter>
  </ItemGroup>
</Project>